// !$*UTF8*$!
{
	archiveVersion = 1;
	classes = {
	};
	objectVersion = 56;
	objects = {

/* Begin PBXBuildFile section */
		7547ED082BE247120027A836 /* WishlistView.swift in Sources */ = {isa = PBXBuildFile; fileRef = 7547ED072BE247120027A836 /* WishlistView.swift */; };
		7547ED0A2BE24CB60027A836 /* MainView.swift in Sources */ = {isa = PBXBuildFile; fileRef = 7547ED092BE24CB60027A836 /* MainView.swift */; };
		7547ED0C2BE268100027A836 /* ListingModel.swift in Sources */ = {isa = PBXBuildFile; fileRef = 7547ED0B2BE268100027A836 /* ListingModel.swift */; };
		7547ED122BE4FEB60027A836 /* DeveloperPreview.swift in Sources */ = {isa = PBXBuildFile; fileRef = 7547ED112BE4FEB60027A836 /* DeveloperPreview.swift */; };
		7563EEC82BD90DE800F0C6E8 /* airbnbCloneApp.swift in Sources */ = {isa = PBXBuildFile; fileRef = 7563EEC72BD90DE800F0C6E8 /* airbnbCloneApp.swift */; };
		7563EECA2BD90DE800F0C6E8 /* ContentView.swift in Sources */ = {isa = PBXBuildFile; fileRef = 7563EEC92BD90DE800F0C6E8 /* ContentView.swift */; };
		7563EECC2BD90DEA00F0C6E8 /* Assets.xcassets in Resources */ = {isa = PBXBuildFile; fileRef = 7563EECB2BD90DEA00F0C6E8 /* Assets.xcassets */; };
		7563EECF2BD90DEA00F0C6E8 /* Preview Assets.xcassets in Resources */ = {isa = PBXBuildFile; fileRef = 7563EECE2BD90DEA00F0C6E8 /* Preview Assets.xcassets */; };
		7563EEFB2BD9141900F0C6E8 /* ExploreView.swift in Sources */ = {isa = PBXBuildFile; fileRef = 7563EEFA2BD9141900F0C6E8 /* ExploreView.swift */; };
		7563EEFE2BD9221200F0C6E8 /* listingView.swift in Sources */ = {isa = PBXBuildFile; fileRef = 7563EEFD2BD9221200F0C6E8 /* listingView.swift */; };
		7563EF012BD9366300F0C6E8 /* searchView.swift in Sources */ = {isa = PBXBuildFile; fileRef = 7563EF002BD9366300F0C6E8 /* searchView.swift */; };
		7563EF042BDA375500F0C6E8 /* listingImageCarosoulView.swift in Sources */ = {isa = PBXBuildFile; fileRef = 7563EF032BDA375500F0C6E8 /* listingImageCarosoulView.swift */; };
		7563EF062BDA39FE00F0C6E8 /* lisitngDetailView.swift in Sources */ = {isa = PBXBuildFile; fileRef = 7563EF052BDA39FE00F0C6E8 /* lisitngDetailView.swift */; };
		7563EF082BDD0B3B00F0C6E8 /* destinationSearchView.swift in Sources */ = {isa = PBXBuildFile; fileRef = 7563EF072BDD0B3B00F0C6E8 /* destinationSearchView.swift */; };
		7563EF112BE0F90400F0C6E8 /* ProfileView.swift in Sources */ = {isa = PBXBuildFile; fileRef = 7563EF102BE0F90400F0C6E8 /* ProfileView.swift */; };
		7563EF132BE15B8900F0C6E8 /* profileViewRow.swift in Sources */ = {isa = PBXBuildFile; fileRef = 7563EF122BE15B8900F0C6E8 /* profileViewRow.swift */; };
		756C317F2BEA8B1100CC58B3 /* ExploreViewModel.swift in Sources */ = {isa = PBXBuildFile; fileRef = 756C317E2BEA8B1100CC58B3 /* ExploreViewModel.swift */; };
		756C31812BEA8E9F00CC58B3 /* ExploreService.swift in Sources */ = {isa = PBXBuildFile; fileRef = 756C31802BEA8E9F00CC58B3 /* ExploreService.swift */; };
		75A0DD742BEBD4D300B9ED76 /* settingView.swift in Sources */ = {isa = PBXBuildFile; fileRef = 75A0DD732BEBD4D300B9ED76 /* settingView.swift */; };
/* End PBXBuildFile section */

/* Begin PBXFileReference section */
		7547ED072BE247120027A836 /* WishlistView.swift */ = {isa = PBXFileReference; lastKnownFileType = sourcecode.swift; path = WishlistView.swift; sourceTree = "<group>"; };
		7547ED092BE24CB60027A836 /* MainView.swift */ = {isa = PBXFileReference; lastKnownFileType = sourcecode.swift; path = MainView.swift; sourceTree = "<group>"; };
		7547ED0B2BE268100027A836 /* ListingModel.swift */ = {isa = PBXFileReference; lastKnownFileType = sourcecode.swift; path = ListingModel.swift; sourceTree = "<group>"; };
		7547ED0D2BE3B77A0027A836 /* PrivacyInfo.xcprivacy */ = {isa = PBXFileReference; lastKnownFileType = text.xml; path = PrivacyInfo.xcprivacy; sourceTree = "<group>"; };
		7547ED112BE4FEB60027A836 /* DeveloperPreview.swift */ = {isa = PBXFileReference; lastKnownFileType = sourcecode.swift; path = DeveloperPreview.swift; sourceTree = "<group>"; };
		7563EEC42BD90DE800F0C6E8 /* airbnbClone.app */ = {isa = PBXFileReference; explicitFileType = wrapper.application; includeInIndex = 0; path = airbnbClone.app; sourceTree = BUILT_PRODUCTS_DIR; };
		7563EEC72BD90DE800F0C6E8 /* airbnbCloneApp.swift */ = {isa = PBXFileReference; lastKnownFileType = sourcecode.swift; path = airbnbCloneApp.swift; sourceTree = "<group>"; };
		7563EEC92BD90DE800F0C6E8 /* ContentView.swift */ = {isa = PBXFileReference; lastKnownFileType = sourcecode.swift; path = ContentView.swift; sourceTree = "<group>"; };
		7563EECB2BD90DEA00F0C6E8 /* Assets.xcassets */ = {isa = PBXFileReference; lastKnownFileType = folder.assetcatalog; path = Assets.xcassets; sourceTree = "<group>"; };
		7563EECE2BD90DEA00F0C6E8 /* Preview Assets.xcassets */ = {isa = PBXFileReference; lastKnownFileType = folder.assetcatalog; path = "Preview Assets.xcassets"; sourceTree = "<group>"; };
		7563EEFA2BD9141900F0C6E8 /* ExploreView.swift */ = {isa = PBXFileReference; lastKnownFileType = sourcecode.swift; path = ExploreView.swift; sourceTree = "<group>"; };
		7563EEFD2BD9221200F0C6E8 /* listingView.swift */ = {isa = PBXFileReference; lastKnownFileType = sourcecode.swift; path = listingView.swift; sourceTree = "<group>"; };
		7563EF002BD9366300F0C6E8 /* searchView.swift */ = {isa = PBXFileReference; lastKnownFileType = sourcecode.swift; path = searchView.swift; sourceTree = "<group>"; };
		7563EF032BDA375500F0C6E8 /* listingImageCarosoulView.swift */ = {isa = PBXFileReference; lastKnownFileType = sourcecode.swift; path = listingImageCarosoulView.swift; sourceTree = "<group>"; };
		7563EF052BDA39FE00F0C6E8 /* lisitngDetailView.swift */ = {isa = PBXFileReference; lastKnownFileType = sourcecode.swift; path = lisitngDetailView.swift; sourceTree = "<group>"; };
		7563EF072BDD0B3B00F0C6E8 /* destinationSearchView.swift */ = {isa = PBXFileReference; lastKnownFileType = sourcecode.swift; path = destinationSearchView.swift; sourceTree = "<group>"; };
		7563EF102BE0F90400F0C6E8 /* ProfileView.swift */ = {isa = PBXFileReference; lastKnownFileType = sourcecode.swift; path = ProfileView.swift; sourceTree = "<group>"; };
		7563EF122BE15B8900F0C6E8 /* profileViewRow.swift */ = {isa = PBXFileReference; lastKnownFileType = sourcecode.swift; path = profileViewRow.swift; sourceTree = "<group>"; };
		756C317E2BEA8B1100CC58B3 /* ExploreViewModel.swift */ = {isa = PBXFileReference; lastKnownFileType = sourcecode.swift; path = ExploreViewModel.swift; sourceTree = "<group>"; };
		756C31802BEA8E9F00CC58B3 /* ExploreService.swift */ = {isa = PBXFileReference; lastKnownFileType = sourcecode.swift; path = ExploreService.swift; sourceTree = "<group>"; };
		75A0DD732BEBD4D300B9ED76 /* settingView.swift */ = {isa = PBXFileReference; lastKnownFileType = sourcecode.swift; path = settingView.swift; sourceTree = "<group>"; };
/* End PBXFileReference section */

/* Begin PBXFrameworksBuildPhase section */
		7563EEC12BD90DE800F0C6E8 /* Frameworks */ = {
			isa = PBXFrameworksBuildPhase;
			buildActionMask = 2147483647;
			files = (
			);
			runOnlyForDeploymentPostprocessing = 0;
		};
/* End PBXFrameworksBuildPhase section */

/* Begin PBXGroup section */
		7563EEBB2BD90DE800F0C6E8 = {
			isa = PBXGroup;
			children = (
				7547ED0D2BE3B77A0027A836 /* PrivacyInfo.xcprivacy */,
				7563EEC62BD90DE800F0C6E8 /* airbnbClone */,
				7563EEC52BD90DE800F0C6E8 /* Products */,
			);
			sourceTree = "<group>";
		};
		7563EEC52BD90DE800F0C6E8 /* Products */ = {
			isa = PBXGroup;
			children = (
				7563EEC42BD90DE800F0C6E8 /* airbnbClone.app */,
			);
			name = Products;
			sourceTree = "<group>";
		};
		7563EEC62BD90DE800F0C6E8 /* airbnbClone */ = {
			isa = PBXGroup;
			children = (
				75A0DD752BECBE2400B9ED76 /* HelperClass */,
				7563EEF62BD9123F00F0C6E8 /* Core */,
				7563EEF82BD9128000F0C6E8 /* Models */,
				7563EEC72BD90DE800F0C6E8 /* airbnbCloneApp.swift */,
				7563EEC92BD90DE800F0C6E8 /* ContentView.swift */,
				7563EECB2BD90DEA00F0C6E8 /* Assets.xcassets */,
				7563EECD2BD90DEA00F0C6E8 /* Preview Content */,
			);
			path = airbnbClone;
			sourceTree = "<group>";
		};
		7563EECD2BD90DEA00F0C6E8 /* Preview Content */ = {
			isa = PBXGroup;
			children = (
				7563EECE2BD90DEA00F0C6E8 /* Preview Assets.xcassets */,
			);
			path = "Preview Content";
			sourceTree = "<group>";
		};
		7563EEF62BD9123F00F0C6E8 /* Core */ = {
			isa = PBXGroup;
			children = (
				7563EF0F2BE0F8E200F0C6E8 /* Profile */,
				7563EEF92BD913AD00F0C6E8 /* Explore */,
				7563EEFC2BD921F300F0C6E8 /* Listing */,
				7563EEFF2BD9361E00F0C6E8 /* Search */,
			);
			path = Core;
			sourceTree = "<group>";
		};
		7563EEF82BD9128000F0C6E8 /* Models */ = {
			isa = PBXGroup;
			children = (
				7547ED0B2BE268100027A836 /* ListingModel.swift */,
			);
			path = Models;
			sourceTree = "<group>";
		};
		7563EEF92BD913AD00F0C6E8 /* Explore */ = {
			isa = PBXGroup;
			children = (
				7563EEFA2BD9141900F0C6E8 /* ExploreView.swift */,
				756C317E2BEA8B1100CC58B3 /* ExploreViewModel.swift */,
				756C31802BEA8E9F00CC58B3 /* ExploreService.swift */,
			);
			path = Explore;
			sourceTree = "<group>";
		};
		7563EEFC2BD921F300F0C6E8 /* Listing */ = {
			isa = PBXGroup;
			children = (
				7563EEFD2BD9221200F0C6E8 /* listingView.swift */,
				7563EF032BDA375500F0C6E8 /* listingImageCarosoulView.swift */,
				7563EF052BDA39FE00F0C6E8 /* lisitngDetailView.swift */,
				7547ED072BE247120027A836 /* WishlistView.swift */,
			);
			path = Listing;
			sourceTree = "<group>";
		};
		7563EEFF2BD9361E00F0C6E8 /* Search */ = {
			isa = PBXGroup;
			children = (
				7563EF072BDD0B3B00F0C6E8 /* destinationSearchView.swift */,
				7563EF002BD9366300F0C6E8 /* searchView.swift */,
			);
			path = Search;
			sourceTree = "<group>";
		};
		7563EF0F2BE0F8E200F0C6E8 /* Profile */ = {
			isa = PBXGroup;
			children = (
				7563EF102BE0F90400F0C6E8 /* ProfileView.swift */,
				75A0DD732BEBD4D300B9ED76 /* settingView.swift */,
				7563EF122BE15B8900F0C6E8 /* profileViewRow.swift */,
				7547ED092BE24CB60027A836 /* MainView.swift */,
			);
			path = Profile;
			sourceTree = "<group>";
		};
		75A0DD752BECBE2400B9ED76 /* HelperClass */ = {
			isa = PBXGroup;
			children = (
				7547ED112BE4FEB60027A836 /* DeveloperPreview.swift */,
			);
			path = HelperClass;
			sourceTree = "<group>";
		};
/* End PBXGroup section */

/* Begin PBXNativeTarget section */
		7563EEC32BD90DE800F0C6E8 /* airbnbClone */ = {
			isa = PBXNativeTarget;
			buildConfigurationList = 7563EED22BD90DEA00F0C6E8 /* Build configuration list for PBXNativeTarget "airbnbClone" */;
			buildPhases = (
				7563EEC02BD90DE800F0C6E8 /* Sources */,
				7563EEC12BD90DE800F0C6E8 /* Frameworks */,
				7563EEC22BD90DE800F0C6E8 /* Resources */,
			);
			buildRules = (
			);
			dependencies = (
			);
			name = airbnbClone;
			productName = airbnbClone;
			productReference = 7563EEC42BD90DE800F0C6E8 /* airbnbClone.app */;
			productType = "com.apple.product-type.application";
		};
/* End PBXNativeTarget section */

/* Begin PBXProject section */
		7563EEBC2BD90DE800F0C6E8 /* Project object */ = {
			isa = PBXProject;
			attributes = {
				BuildIndependentTargetsInParallel = 1;
				LastSwiftUpdateCheck = 1500;
				LastUpgradeCheck = 1500;
				TargetAttributes = {
					7563EEC32BD90DE800F0C6E8 = {
						CreatedOnToolsVersion = 15.0.1;
					};
				};
			};
			buildConfigurationList = 7563EEBF2BD90DE800F0C6E8 /* Build configuration list for PBXProject "airbnbClone" */;
			compatibilityVersion = "Xcode 14.0";
			developmentRegion = en;
			hasScannedForEncodings = 0;
			knownRegions = (
				en,
				Base,
			);
			mainGroup = 7563EEBB2BD90DE800F0C6E8;
			productRefGroup = 7563EEC52BD90DE800F0C6E8 /* Products */;
			projectDirPath = "";
			projectRoot = "";
			targets = (
				7563EEC32BD90DE800F0C6E8 /* airbnbClone */,
			);
		};
/* End PBXProject section */

/* Begin PBXResourcesBuildPhase section */
		7563EEC22BD90DE800F0C6E8 /* Resources */ = {
			isa = PBXResourcesBuildPhase;
			buildActionMask = 2147483647;
			files = (
				7563EECF2BD90DEA00F0C6E8 /* Preview Assets.xcassets in Resources */,
				7563EECC2BD90DEA00F0C6E8 /* Assets.xcassets in Resources */,
			);
			runOnlyForDeploymentPostprocessing = 0;
		};
/* End PBXResourcesBuildPhase section */

/* Begin PBXSourcesBuildPhase section */
		7563EEC02BD90DE800F0C6E8 /* Sources */ = {
			isa = PBXSourcesBuildPhase;
			buildActionMask = 2147483647;
			files = (
				7563EF012BD9366300F0C6E8 /* searchView.swift in Sources */,
				7547ED0A2BE24CB60027A836 /* MainView.swift in Sources */,
				7563EF112BE0F90400F0C6E8 /* ProfileView.swift in Sources */,
				756C31812BEA8E9F00CC58B3 /* ExploreService.swift in Sources */,
				7563EF082BDD0B3B00F0C6E8 /* destinationSearchView.swift in Sources */,
				7547ED0C2BE268100027A836 /* ListingModel.swift in Sources */,
				7563EF042BDA375500F0C6E8 /* listingImageCarosoulView.swift in Sources */,
				7563EECA2BD90DE800F0C6E8 /* ContentView.swift in Sources */,
				7563EF132BE15B8900F0C6E8 /* profileViewRow.swift in Sources */,
				7563EEFE2BD9221200F0C6E8 /* listingView.swift in Sources */,
				7547ED082BE247120027A836 /* WishlistView.swift in Sources */,
				7547ED122BE4FEB60027A836 /* DeveloperPreview.swift in Sources */,
				7563EEFB2BD9141900F0C6E8 /* ExploreView.swift in Sources */,
				756C317F2BEA8B1100CC58B3 /* ExploreViewModel.swift in Sources */,
				7563EF062BDA39FE00F0C6E8 /* lisitngDetailView.swift in Sources */,
				7563EEC82BD90DE800F0C6E8 /* airbnbCloneApp.swift in Sources */,
				75A0DD742BEBD4D300B9ED76 /* settingView.swift in Sources */,
			);
			runOnlyForDeploymentPostprocessing = 0;
		};
/* End PBXSourcesBuildPhase section */

/* Begin XCBuildConfiguration section */
		7563EED02BD90DEA00F0C6E8 /* Debug */ = {
			isa = XCBuildConfiguration;
			buildSettings = {
				ALWAYS_SEARCH_USER_PATHS = NO;
				ASSETCATALOG_COMPILER_GENERATE_SWIFT_ASSET_SYMBOL_EXTENSIONS = YES;
				CLANG_ANALYZER_NONNULL = YES;
				CLANG_ANALYZER_NUMBER_OBJECT_CONVERSION = YES_AGGRESSIVE;
				CLANG_CXX_LANGUAGE_STANDARD = "gnu++20";
				CLANG_ENABLE_MODULES = YES;
				CLANG_ENABLE_OBJC_ARC = YES;
				CLANG_ENABLE_OBJC_WEAK = YES;
				CLANG_WARN_BLOCK_CAPTURE_AUTORELEASING = YES;
				CLANG_WARN_BOOL_CONVERSION = YES;
				CLANG_WARN_COMMA = YES;
				CLANG_WARN_CONSTANT_CONVERSION = YES;
				CLANG_WARN_DEPRECATED_OBJC_IMPLEMENTATIONS = YES;
				CLANG_WARN_DIRECT_OBJC_ISA_USAGE = YES_ERROR;
				CLANG_WARN_DOCUMENTATION_COMMENTS = YES;
				CLANG_WARN_EMPTY_BODY = YES;
				CLANG_WARN_ENUM_CONVERSION = YES;
				CLANG_WARN_INFINITE_RECURSION = YES;
				CLANG_WARN_INT_CONVERSION = YES;
				CLANG_WARN_NON_LITERAL_NULL_CONVERSION = YES;
				CLANG_WARN_OBJC_IMPLICIT_RETAIN_SELF = YES;
				CLANG_WARN_OBJC_LITERAL_CONVERSION = YES;
				CLANG_WARN_OBJC_ROOT_CLASS = YES_ERROR;
				CLANG_WARN_QUOTED_INCLUDE_IN_FRAMEWORK_HEADER = YES;
				CLANG_WARN_RANGE_LOOP_ANALYSIS = YES;
				CLANG_WARN_STRICT_PROTOTYPES = YES;
				CLANG_WARN_SUSPICIOUS_MOVE = YES;
				CLANG_WARN_UNGUARDED_AVAILABILITY = YES_AGGRESSIVE;
				CLANG_WARN_UNREACHABLE_CODE = YES;
				CLANG_WARN__DUPLICATE_METHOD_MATCH = YES;
				COPY_PHASE_STRIP = NO;
				DEBUG_INFORMATION_FORMAT = dwarf;
				ENABLE_STRICT_OBJC_MSGSEND = YES;
				ENABLE_TESTABILITY = YES;
				ENABLE_USER_SCRIPT_SANDBOXING = YES;
				GCC_C_LANGUAGE_STANDARD = gnu17;
				GCC_DYNAMIC_NO_PIC = NO;
				GCC_NO_COMMON_BLOCKS = YES;
				GCC_OPTIMIZATION_LEVEL = 0;
				GCC_PREPROCESSOR_DEFINITIONS = (
					"DEBUG=1",
					"$(inherited)",
				);
				GCC_WARN_64_TO_32_BIT_CONVERSION = YES;
				GCC_WARN_ABOUT_RETURN_TYPE = YES_ERROR;
				GCC_WARN_UNDECLARED_SELECTOR = YES;
				GCC_WARN_UNINITIALIZED_AUTOS = YES_AGGRESSIVE;
				GCC_WARN_UNUSED_FUNCTION = YES;
				GCC_WARN_UNUSED_VARIABLE = YES;
				IPHONEOS_DEPLOYMENT_TARGET = 17.0;
				LOCALIZATION_PREFERS_STRING_CATALOGS = YES;
				MTL_ENABLE_DEBUG_INFO = INCLUDE_SOURCE;
				MTL_FAST_MATH = YES;
				ONLY_ACTIVE_ARCH = YES;
				SDKROOT = iphoneos;
				SWIFT_ACTIVE_COMPILATION_CONDITIONS = "DEBUG $(inherited)";
				SWIFT_OPTIMIZATION_LEVEL = "-Onone";
			};
			name = Debug;
		};
		7563EED12BD90DEA00F0C6E8 /* Release */ = {
			isa = XCBuildConfiguration;
			buildSettings = {
				ALWAYS_SEARCH_USER_PATHS = NO;
				ASSETCATALOG_COMPILER_GENERATE_SWIFT_ASSET_SYMBOL_EXTENSIONS = YES;
				CLANG_ANALYZER_NONNULL = YES;
				CLANG_ANALYZER_NUMBER_OBJECT_CONVERSION = YES_AGGRESSIVE;
				CLANG_CXX_LANGUAGE_STANDARD = "gnu++20";
				CLANG_ENABLE_MODULES = YES;
				CLANG_ENABLE_OBJC_ARC = YES;
				CLANG_ENABLE_OBJC_WEAK = YES;
				CLANG_WARN_BLOCK_CAPTURE_AUTORELEASING = YES;
				CLANG_WARN_BOOL_CONVERSION = YES;
				CLANG_WARN_COMMA = YES;
				CLANG_WARN_CONSTANT_CONVERSION = YES;
				CLANG_WARN_DEPRECATED_OBJC_IMPLEMENTATIONS = YES;
				CLANG_WARN_DIRECT_OBJC_ISA_USAGE = YES_ERROR;
				CLANG_WARN_DOCUMENTATION_COMMENTS = YES;
				CLANG_WARN_EMPTY_BODY = YES;
				CLANG_WARN_ENUM_CONVERSION = YES;
				CLANG_WARN_INFINITE_RECURSION = YES;
				CLANG_WARN_INT_CONVERSION = YES;
				CLANG_WARN_NON_LITERAL_NULL_CONVERSION = YES;
				CLANG_WARN_OBJC_IMPLICIT_RETAIN_SELF = YES;
				CLANG_WARN_OBJC_LITERAL_CONVERSION = YES;
				CLANG_WARN_OBJC_ROOT_CLASS = YES_ERROR;
				CLANG_WARN_QUOTED_INCLUDE_IN_FRAMEWORK_HEADER = YES;
				CLANG_WARN_RANGE_LOOP_ANALYSIS = YES;
				CLANG_WARN_STRICT_PROTOTYPES = YES;
				CLANG_WARN_SUSPICIOUS_MOVE = YES;
				CLANG_WARN_UNGUARDED_AVAILABILITY = YES_AGGRESSIVE;
				CLANG_WARN_UNREACHABLE_CODE = YES;
				CLANG_WARN__DUPLICATE_METHOD_MATCH = YES;
				COPY_PHASE_STRIP = NO;
				DEBUG_INFORMATION_FORMAT = "dwarf-with-dsym";
				ENABLE_NS_ASSERTIONS = NO;
				ENABLE_STRICT_OBJC_MSGSEND = YES;
				ENABLE_USER_SCRIPT_SANDBOXING = YES;
				GCC_C_LANGUAGE_STANDARD = gnu17;
				GCC_NO_COMMON_BLOCKS = YES;
				GCC_WARN_64_TO_32_BIT_CONVERSION = YES;
				GCC_WARN_ABOUT_RETURN_TYPE = YES_ERROR;
				GCC_WARN_UNDECLARED_SELECTOR = YES;
				GCC_WARN_UNINITIALIZED_AUTOS = YES_AGGRESSIVE;
				GCC_WARN_UNUSED_FUNCTION = YES;
				GCC_WARN_UNUSED_VARIABLE = YES;
				IPHONEOS_DEPLOYMENT_TARGET = 17.0;
				LOCALIZATION_PREFERS_STRING_CATALOGS = YES;
				MTL_ENABLE_DEBUG_INFO = NO;
				MTL_FAST_MATH = YES;
				SDKROOT = iphoneos;
				SWIFT_COMPILATION_MODE = wholemodule;
				VALIDATE_PRODUCT = YES;
			};
			name = Release;
		};
		7563EED32BD90DEA00F0C6E8 /* Debug */ = {
			isa = XCBuildConfiguration;
			buildSettings = {
				ASSETCATALOG_COMPILER_APPICON_NAME = AppIcon;
				ASSETCATALOG_COMPILER_GLOBAL_ACCENT_COLOR_NAME = AccentColor;
				CODE_SIGN_IDENTITY = "Apple Development";
				CODE_SIGN_STYLE = Automatic;
				CURRENT_PROJECT_VERSION = 1;
				DEVELOPMENT_ASSET_PATHS = "\"airbnbClone/Preview Content\"";
				DEVELOPMENT_TEAM = MDFRCTD3JH;
				ENABLE_PREVIEWS = YES;
				GENERATE_INFOPLIST_FILE = YES;
				INFOPLIST_KEY_UIApplicationSceneManifest_Generation = YES;
				INFOPLIST_KEY_UIApplicationSupportsIndirectInputEvents = YES;
				INFOPLIST_KEY_UILaunchScreen_Generation = YES;
				INFOPLIST_KEY_UISupportedInterfaceOrientations_iPad = "UIInterfaceOrientationPortrait UIInterfaceOrientationPortraitUpsideDown UIInterfaceOrientationLandscapeLeft UIInterfaceOrientationLandscapeRight";
				INFOPLIST_KEY_UISupportedInterfaceOrientations_iPhone = "UIInterfaceOrientationPortrait UIInterfaceOrientationLandscapeLeft UIInterfaceOrientationLandscapeRight";
				LD_RUNPATH_SEARCH_PATHS = (
					"$(inherited)",
					"@executable_path/Frameworks",
				);
				MARKETING_VERSION = 1.0;
				PRODUCT_BUNDLE_IDENTIFIER = com.futuresoft.airbnbClone;
				PRODUCT_NAME = "$(TARGET_NAME)";
				PROVISIONING_PROFILE_SPECIFIER = "";
				SWIFT_EMIT_LOC_STRINGS = YES;
				SWIFT_VERSION = 5.0;
				TARGETED_DEVICE_FAMILY = "1,2";
			};
			name = Debug;
		};
		7563EED42BD90DEA00F0C6E8 /* Release */ = {
			isa = XCBuildConfiguration;
			buildSettings = {
				ASSETCATALOG_COMPILER_APPICON_NAME = AppIcon;
				ASSETCATALOG_COMPILER_GLOBAL_ACCENT_COLOR_NAME = AccentColor;
				CODE_SIGN_IDENTITY = "Apple Development";
				CODE_SIGN_STYLE = Automatic;
				CURRENT_PROJECT_VERSION = 1;
				DEVELOPMENT_ASSET_PATHS = "\"airbnbClone/Preview Content\"";
				DEVELOPMENT_TEAM = MDFRCTD3JH;
				ENABLE_PREVIEWS = YES;
				GENERATE_INFOPLIST_FILE = YES;
				INFOPLIST_KEY_UIApplicationSceneManifest_Generation = YES;
				INFOPLIST_KEY_UIApplicationSupportsIndirectInputEvents = YES;
				INFOPLIST_KEY_UILaunchScreen_Generation = YES;
				INFOPLIST_KEY_UISupportedInterfaceOrientations_iPad = "UIInterfaceOrientationPortrait UIInterfaceOrientationPortraitUpsideDown UIInterfaceOrientationLandscapeLeft UIInterfaceOrientationLandscapeRight";
				INFOPLIST_KEY_UISupportedInterfaceOrientations_iPhone = "UIInterfaceOrientationPortrait UIInterfaceOrientationLandscapeLeft UIInterfaceOrientationLandscapeRight";
				LD_RUNPATH_SEARCH_PATHS = (
					"$(inherited)",
					"@executable_path/Frameworks",
				);
				MARKETING_VERSION = 1.0;
				PRODUCT_BUNDLE_IDENTIFIER = com.futuresoft.airbnbClone;
				PRODUCT_NAME = "$(TARGET_NAME)";
				PROVISIONING_PROFILE_SPECIFIER = "";
				SWIFT_EMIT_LOC_STRINGS = YES;
				SWIFT_VERSION = 5.0;
				TARGETED_DEVICE_FAMILY = "1,2";
			};
			name = Release;
		};
/* End XCBuildConfiguration section */

/* Begin XCConfigurationList section */
		7563EEBF2BD90DE800F0C6E8 /* Build configuration list for PBXProject "airbnbClone" */ = {
			isa = XCConfigurationList;
			buildConfigurations = (
				7563EED02BD90DEA00F0C6E8 /* Debug */,
				7563EED12BD90DEA00F0C6E8 /* Release */,
			);
			defaultConfigurationIsVisible = 0;
			defaultConfigurationName = Release;
		};
		7563EED22BD90DEA00F0C6E8 /* Build configuration list for PBXNativeTarget "airbnbClone" */ = {
			isa = XCConfigurationList;
			buildConfigurations = (
				7563EED32BD90DEA00F0C6E8 /* Debug */,
				7563EED42BD90DEA00F0C6E8 /* Release */,
			);
			defaultConfigurationIsVisible = 0;
			defaultConfigurationName = Release;
		};
/* End XCConfigurationList section */
	};
	rootObject = 7563EEBC2BD90DE800F0C6E8 /* Project object */;
}
